
Microsoft Visual Studio Solution File, Format Version 12.00
# Visual Studio Version 17
VisualStudioVersion = 17.13.35913.81
MinimumVisualStudioVersion = 10.0.40219.1
Project("{FAE04EC0-301F-11D3-BF4B-00C04F79EFBC}") = "SumTwoNumbers", "SumTwoNumbers\SumTwoNumbers.csproj", "{5CE86A41-BB60-49A1-96B7-D76FD94D96C1}"
EndProject
Project("{FAE04EC0-301F-11D3-BF4B-00C04F79EFBC}") = "ResultExam", "ResultExam\ResultExam.csproj", "{C2E4845B-26BB-4D89-BA18-B8067C1AD018}"
EndProject
Project("{FAE04EC0-301F-11D3-BF4B-00C04F79EFBC}") = "AgeTest", "AgeTest\AgeTest.csproj", "{29069ED5-29F7-4EEE-AF0C-52D83A09C3D7}"
EndProject
Project("{FAE04EC0-301F-11D3-BF4B-00C04F79EFBC}") = "AddUpToEnteredVariable", "AddUpToEnteredVariable\AddUpToEnteredVariable.csproj", "{97F30B47-6DE1-4A23-9316-A4AE0B9FD41B}"
EndProject
Project("{FAE04EC0-301F-11D3-BF4B-00C04F79EFBC}") = "SumOfEvenNumbersBetweenTwoValues", "SumOfEvenNumbersBetweenTwoValues\SumOfEvenNumbersBetweenTwoValues.csproj", "{23C2D547-67A1-47B5-903F-8DD5ECF887EB}"
EndProject
Project("{FAE04EC0-301F-11D3-BF4B-00C04F79EFBC}") = "FindTheLargestOfTheEnteredNumbers", "FindTheLargestOfTheEnteredNumbers\FindTheLargestOfTheEnteredNumbers.csproj", "{A1854E67-7AB2-4CE6-B1BC-0A5363FBFAE7}"
EndProject
Project("{FAE04EC0-301F-11D3-BF4B-00C04F79EFBC}") = "OddOrEven", "OddOrEven\OddOrEven.csproj", "{4A19414E-2A20-41CC-AE60-85871C1B1975}"
EndProject
Project("{FAE04EC0-301F-11D3-BF4B-00C04F79EFBC}") = "VolumeOfTheCylinder", "VolumeOfTheCylinder\VolumeOfTheCylinder.csproj", "{9D03C61A-4A34-4A7B-812E-39C8B52E79C1}"
EndProject
Project("{FAE04EC0-301F-11D3-BF4B-00C04F79EFBC}") = "CircumferenceOfTheCircle", "CircumferenceOfTheCircle\CircumferenceOfTheCircle.csproj", "{39007C55-B610-41A1-AAB3-5866F314817B}"
EndProject
Project("{FAE04EC0-301F-11D3-BF4B-00C04F79EFBC}") = "FindTheFinalAngleOfATriangle", "FindTheFinalAngleOfATriangle\FindTheFinalAngleOfATriangle.csproj", "{4F3D14AA-B383-4445-8757-20E54AC96FB5}"
EndProject
Project("{FAE04EC0-301F-11D3-BF4B-00C04F79EFBC}") = "SquaringANumber", "SquaringANumber\SquaringANumber.csproj", "{AEA5BE87-B44B-4BD7-AB0F-570002BAFC39}"
EndProject
Project("{FAE04EC0-301F-11D3-BF4B-00C04F79EFBC}") = "FindingTheModeOfANumber", "FindingTheModeOfANumber\FindingTheModeOfANumber.csproj", "{CAFCB55E-9D7F-46F1-9863-B96752936D8F}"
EndProject
Project("{FAE04EC0-301F-11D3-BF4B-00C04F79EFBC}") = "Basing", "Basing\Basing.csproj", "{D345B376-5978-431E-8EC8-A8AA8C142686}"
EndProject
Project("{FAE04EC0-301F-11D3-BF4B-00C04F79EFBC}") = "Factorial", "Factorial\Factorial.csproj", "{64D985D1-027D-44A3-8B68-59E9904B988E}"
EndProject
Project("{FAE04EC0-301F-11D3-BF4B-00C04F79EFBC}") = "PyramidSeries", "Pyramid-Fibonacci\PyramidSeries.csproj", "{D2F0F024-F9D8-495E-B533-8A314B05F856}"
EndProject
Project("{2150E333-8FDC-42A3-9474-1A3956D46DE8}") = "Fonksiyonlar", "Fonksiyonlar", "{02EA681E-C7D8-13C7-8484-4AC65E1B71E8}"
EndProject
Project("{FAE04EC0-301F-11D3-BF4B-00C04F79EFBC}") = "ClickTheBirdGame", "WindowsFormsApp1\ClickTheBirdGame.csproj", "{98531E46-3F9B-4439-A5BE-00285BB835FF}"
EndProject
Project("{FAE04EC0-301F-11D3-BF4B-00C04F79EFBC}") = "AppCircleAreaAndC", "WinFormsApp2\AppCircleAreaAndC.csproj", "{52B5D0F8-AFB0-4470-8486-49A24A2AA77A}"
EndProject
Project("{FAE04EC0-301F-11D3-BF4B-00C04F79EFBC}") = "EnteredQuestionNumber", "EnteredQuestionNumber\EnteredQuestionNumber.csproj", "{83E648B6-CB13-447C-A980-F06AC9BB1038}"
EndProject
Project("{FAE04EC0-301F-11D3-BF4B-00C04F79EFBC}") = "LotteryProgram", "LotteryProgram\LotteryProgram.csproj", "{EC0D4B9E-09AE-495F-AE4E-F99FFF510E5E}"
EndProject
Project("{FAE04EC0-301F-11D3-BF4B-00C04F79EFBC}") = "RockPaperScissors", "RockPaperScissors\RockPaperScissors.csproj", "{AD793134-436F-4509-938C-723818FCE3A5}"
EndProject
Project("{FAE04EC0-301F-11D3-BF4B-00C04F79EFBC}") = "Calculator", "Calculator\Calculator.csproj", "{57B04682-AE4D-4E73-9DAF-85204C97AD2C}"
EndProject
Project("{FAE04EC0-301F-11D3-BF4B-00C04F79EFBC}") = "IdentifyingTheDayOfTheDateInWriting", "IdentifyingTheDayOfTheDateInWriting\IdentifyingTheDayOfTheDateInWriting.csproj", "{96F565F7-F4AA-4968-87BB-3A2786FCC4C9}"
EndProject
Project("{FAE04EC0-301F-11D3-BF4B-00C04F79EFBC}") = "KaprekarNumber", "ConsoleApp1\KaprekarNumber.csproj", "{A7C9CAE8-041C-4C95-929C-CE81A9420D9E}"
EndProject
Project("{FAE04EC0-301F-11D3-BF4B-00C04F79EFBC}") = "MaxChar", "MaxChar\MaxChar.csproj", "{C0558C69-196D-4A54-BC23-8169D1A55342}"
EndProject
Global
	GlobalSection(SolutionConfigurationPlatforms) = preSolution
		Debug|Any CPU = Debug|Any CPU
		Release|Any CPU = Release|Any CPU
	EndGlobalSection
	GlobalSection(ProjectConfigurationPlatforms) = postSolution
		{5CE86A41-BB60-49A1-96B7-D76FD94D96C1}.Debug|Any CPU.ActiveCfg = Debug|Any CPU
		{5CE86A41-BB60-49A1-96B7-D76FD94D96C1}.Debug|Any CPU.Build.0 = Debug|Any CPU
		{5CE86A41-BB60-49A1-96B7-D76FD94D96C1}.Release|Any CPU.ActiveCfg = Release|Any CPU
		{5CE86A41-BB60-49A1-96B7-D76FD94D96C1}.Release|Any CPU.Build.0 = Release|Any CPU
		{C2E4845B-26BB-4D89-BA18-B8067C1AD018}.Debug|Any CPU.ActiveCfg = Debug|Any CPU
		{C2E4845B-26BB-4D89-BA18-B8067C1AD018}.Debug|Any CPU.Build.0 = Debug|Any CPU
		{C2E4845B-26BB-4D89-BA18-B8067C1AD018}.Release|Any CPU.ActiveCfg = Release|Any CPU
		{C2E4845B-26BB-4D89-BA18-B8067C1AD018}.Release|Any CPU.Build.0 = Release|Any CPU
		{29069ED5-29F7-4EEE-AF0C-52D83A09C3D7}.Debug|Any CPU.ActiveCfg = Debug|Any CPU
		{29069ED5-29F7-4EEE-AF0C-52D83A09C3D7}.Debug|Any CPU.Build.0 = Debug|Any CPU
		{29069ED5-29F7-4EEE-AF0C-52D83A09C3D7}.Release|Any CPU.ActiveCfg = Release|Any CPU
		{29069ED5-29F7-4EEE-AF0C-52D83A09C3D7}.Release|Any CPU.Build.0 = Release|Any CPU
		{97F30B47-6DE1-4A23-9316-A4AE0B9FD41B}.Debug|Any CPU.ActiveCfg = Debug|Any CPU
		{97F30B47-6DE1-4A23-9316-A4AE0B9FD41B}.Debug|Any CPU.Build.0 = Debug|Any CPU
		{97F30B47-6DE1-4A23-9316-A4AE0B9FD41B}.Release|Any CPU.ActiveCfg = Release|Any CPU
		{97F30B47-6DE1-4A23-9316-A4AE0B9FD41B}.Release|Any CPU.Build.0 = Release|Any CPU
		{23C2D547-67A1-47B5-903F-8DD5ECF887EB}.Debug|Any CPU.ActiveCfg = Debug|Any CPU
		{23C2D547-67A1-47B5-903F-8DD5ECF887EB}.Debug|Any CPU.Build.0 = Debug|Any CPU
		{23C2D547-67A1-47B5-903F-8DD5ECF887EB}.Release|Any CPU.ActiveCfg = Release|Any CPU
		{23C2D547-67A1-47B5-903F-8DD5ECF887EB}.Release|Any CPU.Build.0 = Release|Any CPU
		{A1854E67-7AB2-4CE6-B1BC-0A5363FBFAE7}.Debug|Any CPU.ActiveCfg = Debug|Any CPU
		{A1854E67-7AB2-4CE6-B1BC-0A5363FBFAE7}.Debug|Any CPU.Build.0 = Debug|Any CPU
		{A1854E67-7AB2-4CE6-B1BC-0A5363FBFAE7}.Release|Any CPU.ActiveCfg = Release|Any CPU
		{A1854E67-7AB2-4CE6-B1BC-0A5363FBFAE7}.Release|Any CPU.Build.0 = Release|Any CPU
		{4A19414E-2A20-41CC-AE60-85871C1B1975}.Debug|Any CPU.ActiveCfg = Debug|Any CPU
		{4A19414E-2A20-41CC-AE60-85871C1B1975}.Debug|Any CPU.Build.0 = Debug|Any CPU
		{4A19414E-2A20-41CC-AE60-85871C1B1975}.Release|Any CPU.ActiveCfg = Release|Any CPU
		{4A19414E-2A20-41CC-AE60-85871C1B1975}.Release|Any CPU.Build.0 = Release|Any CPU
		{9D03C61A-4A34-4A7B-812E-39C8B52E79C1}.Debug|Any CPU.ActiveCfg = Debug|Any CPU
		{9D03C61A-4A34-4A7B-812E-39C8B52E79C1}.Debug|Any CPU.Build.0 = Debug|Any CPU
		{9D03C61A-4A34-4A7B-812E-39C8B52E79C1}.Release|Any CPU.ActiveCfg = Release|Any CPU
		{9D03C61A-4A34-4A7B-812E-39C8B52E79C1}.Release|Any CPU.Build.0 = Release|Any CPU
		{39007C55-B610-41A1-AAB3-5866F314817B}.Debug|Any CPU.ActiveCfg = Debug|Any CPU
		{39007C55-B610-41A1-AAB3-5866F314817B}.Debug|Any CPU.Build.0 = Debug|Any CPU
		{39007C55-B610-41A1-AAB3-5866F314817B}.Release|Any CPU.ActiveCfg = Release|Any CPU
		{39007C55-B610-41A1-AAB3-5866F314817B}.Release|Any CPU.Build.0 = Release|Any CPU
		{4F3D14AA-B383-4445-8757-20E54AC96FB5}.Debug|Any CPU.ActiveCfg = Debug|Any CPU
		{4F3D14AA-B383-4445-8757-20E54AC96FB5}.Debug|Any CPU.Build.0 = Debug|Any CPU
		{4F3D14AA-B383-4445-8757-20E54AC96FB5}.Release|Any CPU.ActiveCfg = Release|Any CPU
		{4F3D14AA-B383-4445-8757-20E54AC96FB5}.Release|Any CPU.Build.0 = Release|Any CPU
		{AEA5BE87-B44B-4BD7-AB0F-570002BAFC39}.Debug|Any CPU.ActiveCfg = Debug|Any CPU
		{AEA5BE87-B44B-4BD7-AB0F-570002BAFC39}.Debug|Any CPU.Build.0 = Debug|Any CPU
		{AEA5BE87-B44B-4BD7-AB0F-570002BAFC39}.Release|Any CPU.ActiveCfg = Release|Any CPU
		{AEA5BE87-B44B-4BD7-AB0F-570002BAFC39}.Release|Any CPU.Build.0 = Release|Any CPU
		{CAFCB55E-9D7F-46F1-9863-B96752936D8F}.Debug|Any CPU.ActiveCfg = Debug|Any CPU
		{CAFCB55E-9D7F-46F1-9863-B96752936D8F}.Debug|Any CPU.Build.0 = Debug|Any CPU
		{CAFCB55E-9D7F-46F1-9863-B96752936D8F}.Release|Any CPU.ActiveCfg = Release|Any CPU
		{CAFCB55E-9D7F-46F1-9863-B96752936D8F}.Release|Any CPU.Build.0 = Release|Any CPU
		{D345B376-5978-431E-8EC8-A8AA8C142686}.Debug|Any CPU.ActiveCfg = Debug|Any CPU
		{D345B376-5978-431E-8EC8-A8AA8C142686}.Debug|Any CPU.Build.0 = Debug|Any CPU
		{D345B376-5978-431E-8EC8-A8AA8C142686}.Release|Any CPU.ActiveCfg = Release|Any CPU
		{D345B376-5978-431E-8EC8-A8AA8C142686}.Release|Any CPU.Build.0 = Release|Any CPU
		{64D985D1-027D-44A3-8B68-59E9904B988E}.Debug|Any CPU.ActiveCfg = Debug|Any CPU
		{64D985D1-027D-44A3-8B68-59E9904B988E}.Debug|Any CPU.Build.0 = Debug|Any CPU
		{64D985D1-027D-44A3-8B68-59E9904B988E}.Release|Any CPU.ActiveCfg = Release|Any CPU
		{64D985D1-027D-44A3-8B68-59E9904B988E}.Release|Any CPU.Build.0 = Release|Any CPU
		{D2F0F024-F9D8-495E-B533-8A314B05F856}.Debug|Any CPU.ActiveCfg = Debug|Any CPU
		{D2F0F024-F9D8-495E-B533-8A314B05F856}.Debug|Any CPU.Build.0 = Debug|Any CPU
		{D2F0F024-F9D8-495E-B533-8A314B05F856}.Release|Any CPU.ActiveCfg = Release|Any CPU
		{D2F0F024-F9D8-495E-B533-8A314B05F856}.Release|Any CPU.Build.0 = Release|Any CPU
		{98531E46-3F9B-4439-A5BE-00285BB835FF}.Debug|Any CPU.ActiveCfg = Debug|Any CPU
		{98531E46-3F9B-4439-A5BE-00285BB835FF}.Debug|Any CPU.Build.0 = Debug|Any CPU
		{98531E46-3F9B-4439-A5BE-00285BB835FF}.Release|Any CPU.ActiveCfg = Release|Any CPU
		{98531E46-3F9B-4439-A5BE-00285BB835FF}.Release|Any CPU.Build.0 = Release|Any CPU
		{52B5D0F8-AFB0-4470-8486-49A24A2AA77A}.Debug|Any CPU.ActiveCfg = Debug|Any CPU
		{52B5D0F8-AFB0-4470-8486-49A24A2AA77A}.Debug|Any CPU.Build.0 = Debug|Any CPU
		{52B5D0F8-AFB0-4470-8486-49A24A2AA77A}.Release|Any CPU.ActiveCfg = Release|Any CPU
		{52B5D0F8-AFB0-4470-8486-49A24A2AA77A}.Release|Any CPU.Build.0 = Release|Any CPU
		{83E648B6-CB13-447C-A980-F06AC9BB1038}.Debug|Any CPU.ActiveCfg = Debug|Any CPU
		{83E648B6-CB13-447C-A980-F06AC9BB1038}.Debug|Any CPU.Build.0 = Debug|Any CPU
		{83E648B6-CB13-447C-A980-F06AC9BB1038}.Release|Any CPU.ActiveCfg = Release|Any CPU
		{83E648B6-CB13-447C-A980-F06AC9BB1038}.Release|Any CPU.Build.0 = Release|Any CPU
		{EC0D4B9E-09AE-495F-AE4E-F99FFF510E5E}.Debug|Any CPU.ActiveCfg = Debug|Any CPU
		{EC0D4B9E-09AE-495F-AE4E-F99FFF510E5E}.Debug|Any CPU.Build.0 = Debug|Any CPU
		{EC0D4B9E-09AE-495F-AE4E-F99FFF510E5E}.Release|Any CPU.ActiveCfg = Release|Any CPU
		{EC0D4B9E-09AE-495F-AE4E-F99FFF510E5E}.Release|Any CPU.Build.0 = Release|Any CPU
		{AD793134-436F-4509-938C-723818FCE3A5}.Debug|Any CPU.ActiveCfg = Debug|Any CPU
		{AD793134-436F-4509-938C-723818FCE3A5}.Debug|Any CPU.Build.0 = Debug|Any CPU
		{AD793134-436F-4509-938C-723818FCE3A5}.Release|Any CPU.ActiveCfg = Release|Any CPU
		{AD793134-436F-4509-938C-723818FCE3A5}.Release|Any CPU.Build.0 = Release|Any CPU
		{57B04682-AE4D-4E73-9DAF-85204C97AD2C}.Debug|Any CPU.ActiveCfg = Debug|Any CPU
		{57B04682-AE4D-4E73-9DAF-85204C97AD2C}.Debug|Any CPU.Build.0 = Debug|Any CPU
		{57B04682-AE4D-4E73-9DAF-85204C97AD2C}.Release|Any CPU.ActiveCfg = Release|Any CPU
		{57B04682-AE4D-4E73-9DAF-85204C97AD2C}.Release|Any CPU.Build.0 = Release|Any CPU
		{96F565F7-F4AA-4968-87BB-3A2786FCC4C9}.Debug|Any CPU.ActiveCfg = Debug|Any CPU
		{96F565F7-F4AA-4968-87BB-3A2786FCC4C9}.Debug|Any CPU.Build.0 = Debug|Any CPU
		{96F565F7-F4AA-4968-87BB-3A2786FCC4C9}.Release|Any CPU.ActiveCfg = Release|Any CPU
		{96F565F7-F4AA-4968-87BB-3A2786FCC4C9}.Release|Any CPU.Build.0 = Release|Any CPU
		{A7C9CAE8-041C-4C95-929C-CE81A9420D9E}.Debug|Any CPU.ActiveCfg = Debug|Any CPU
		{A7C9CAE8-041C-4C95-929C-CE81A9420D9E}.Debug|Any CPU.Build.0 = Debug|Any CPU
		{A7C9CAE8-041C-4C95-929C-CE81A9420D9E}.Release|Any CPU.ActiveCfg = Release|Any CPU
		{A7C9CAE8-041C-4C95-929C-CE81A9420D9E}.Release|Any CPU.Build.0 = Release|Any CPU
		{C0558C69-196D-4A54-BC23-8169D1A55342}.Debug|Any CPU.ActiveCfg = Debug|Any CPU
		{C0558C69-196D-4A54-BC23-8169D1A55342}.Debug|Any CPU.Build.0 = Debug|Any CPU
		{C0558C69-196D-4A54-BC23-8169D1A55342}.Release|Any CPU.ActiveCfg = Release|Any CPU
		{C0558C69-196D-4A54-BC23-8169D1A55342}.Release|Any CPU.Build.0 = Release|Any CPU
	EndGlobalSection
	GlobalSection(SolutionProperties) = preSolution
		HideSolutionNode = FALSE
	EndGlobalSection
	GlobalSection(NestedProjects) = preSolution
		{5CE86A41-BB60-49A1-96B7-D76FD94D96C1} = {02EA681E-C7D8-13C7-8484-4AC65E1B71E8}
		{C2E4845B-26BB-4D89-BA18-B8067C1AD018} = {02EA681E-C7D8-13C7-8484-4AC65E1B71E8}
		{29069ED5-29F7-4EEE-AF0C-52D83A09C3D7} = {02EA681E-C7D8-13C7-8484-4AC65E1B71E8}
		{97F30B47-6DE1-4A23-9316-A4AE0B9FD41B} = {02EA681E-C7D8-13C7-8484-4AC65E1B71E8}
		{23C2D547-67A1-47B5-903F-8DD5ECF887EB} = {02EA681E-C7D8-13C7-8484-4AC65E1B71E8}
		{A1854E67-7AB2-4CE6-B1BC-0A5363FBFAE7} = {02EA681E-C7D8-13C7-8484-4AC65E1B71E8}
		{4A19414E-2A20-41CC-AE60-85871C1B1975} = {02EA681E-C7D8-13C7-8484-4AC65E1B71E8}
		{9D03C61A-4A34-4A7B-812E-39C8B52E79C1} = {02EA681E-C7D8-13C7-8484-4AC65E1B71E8}
		{39007C55-B610-41A1-AAB3-5866F314817B} = {02EA681E-C7D8-13C7-8484-4AC65E1B71E8}
		{4F3D14AA-B383-4445-8757-20E54AC96FB5} = {02EA681E-C7D8-13C7-8484-4AC65E1B71E8}
		{AEA5BE87-B44B-4BD7-AB0F-570002BAFC39} = {02EA681E-C7D8-13C7-8484-4AC65E1B71E8}
		{CAFCB55E-9D7F-46F1-9863-B96752936D8F} = {02EA681E-C7D8-13C7-8484-4AC65E1B71E8}
		{D345B376-5978-431E-8EC8-A8AA8C142686} = {02EA681E-C7D8-13C7-8484-4AC65E1B71E8}
		{64D985D1-027D-44A3-8B68-59E9904B988E} = {02EA681E-C7D8-13C7-8484-4AC65E1B71E8}
		{D2F0F024-F9D8-495E-B533-8A314B05F856} = {02EA681E-C7D8-13C7-8484-4AC65E1B71E8}
		{98531E46-3F9B-4439-A5BE-00285BB835FF} = {02EA681E-C7D8-13C7-8484-4AC65E1B71E8}
		{52B5D0F8-AFB0-4470-8486-49A24A2AA77A} = {02EA681E-C7D8-13C7-8484-4AC65E1B71E8}
		{83E648B6-CB13-447C-A980-F06AC9BB1038} = {02EA681E-C7D8-13C7-8484-4AC65E1B71E8}
		{EC0D4B9E-09AE-495F-AE4E-F99FFF510E5E} = {02EA681E-C7D8-13C7-8484-4AC65E1B71E8}
		{AD793134-436F-4509-938C-723818FCE3A5} = {02EA681E-C7D8-13C7-8484-4AC65E1B71E8}
		{57B04682-AE4D-4E73-9DAF-85204C97AD2C} = {02EA681E-C7D8-13C7-8484-4AC65E1B71E8}
		{96F565F7-F4AA-4968-87BB-3A2786FCC4C9} = {02EA681E-C7D8-13C7-8484-4AC65E1B71E8}
		{A7C9CAE8-041C-4C95-929C-CE81A9420D9E} = {02EA681E-C7D8-13C7-8484-4AC65E1B71E8}
		{C0558C69-196D-4A54-BC23-8169D1A55342} = {02EA681E-C7D8-13C7-8484-4AC65E1B71E8}
	EndGlobalSection
	GlobalSection(ExtensibilityGlobals) = postSolution
		SolutionGuid = {0490DE42-0A6F-45FA-885C-DC322B06D69D}
	EndGlobalSection
EndGlobal
